
Microsoft Visual Studio Solution File, Format Version 12.00
# Visual Studio Version 16
VisualStudioVersion = 16.0.30320.27
MinimumVisualStudioVersion = 10.0.40219.1
Project("{FAE04EC0-301F-11D3-BF4B-00C04F79EFBC}") = "NumbersStation", "NumbersStation\NumbersStation.csproj", "{7D811B49-3F72-4E35-A9F9-93240740DD5C}"
EndProject
Global
	GlobalSection(SolutionConfigurationPlatforms) = preSolution
		Debug|Any CPU = Debug|Any CPU
		Release|Any CPU = Release|Any CPU
	EndGlobalSection
	GlobalSection(ProjectConfigurationPlatforms) = postSolution
		{7D811B49-3F72-4E35-A9F9-93240740DD5C}.Debug|Any CPU.ActiveCfg = Debug|Any CPU
		{7D811B49-3F72-4E35-A9F9-93240740DD5C}.Debug|Any CPU.Build.0 = Debug|Any CPU
		{7D811B49-3F72-4E35-A9F9-93240740DD5C}.Release|Any CPU.ActiveCfg = Release|Any CPU
		{7D811B49-3F72-4E35-A9F9-93240740DD5C}.Release|Any CPU.Build.0 = Release|Any CPU
	EndGlobalSection
	GlobalSection(SolutionProperties) = preSolution
		HideSolutionNode = FALSE
	EndGlobalSection
	GlobalSection(ExtensibilityGlobals) = postSolution
		SolutionGuid = {DBE17F17-F819-4518-AB5A-BE4E4536D2F1}
	EndGlobalSection
EndGlobal
